
Microsoft Visual Studio Solution File, Format Version 12.00
# Visual Studio Version 16
VisualStudioVersion = 16.0.30503.244
MinimumVisualStudioVersion = 10.0.40219.1
Project("{FAE04EC0-301F-11D3-BF4B-00C04F79EFBC}") = "CompleteReader_VS2019", "CompleteReader_VS2019\CompleteReader_VS2019.csproj", "{50EF8297-E406-4F92-A83B-AFB78D32ACB9}"
EndProject
Project("{FAE04EC0-301F-11D3-BF4B-00C04F79EFBC}") = "PDFNetUWPSamples_VS2019", "PDFNetUWPSamples_VS2019\PDFNetUWPSamples_VS2019.csproj", "{4766DA38-7D9A-4875-9C73-B3283D6E6C5A}"
EndProject
Project("{FAE04EC0-301F-11D3-BF4B-00C04F79EFBC}") = "PDFViewCtrlDemo_VS2019", "PDFViewCtrlDemo_VS2019\PDFViewCtrlDemo_VS2019.csproj", "{1799C4AE-EF2D-4D9C-BC43-1C27FF1E1D39}"
EndProject
Global
	GlobalSection(SolutionConfigurationPlatforms) = preSolution
		Debug|Any CPU = Debug|Any CPU
		Debug|ARM = Debug|ARM
		Debug|ARM64 = Debug|ARM64
		Debug|x64 = Debug|x64
		Debug|x86 = Debug|x86
		Release|Any CPU = Release|Any CPU
		Release|ARM = Release|ARM
		Release|ARM64 = Release|ARM64
		Release|x64 = Release|x64
		Release|x86 = Release|x86
	EndGlobalSection
	GlobalSection(ProjectConfigurationPlatforms) = postSolution
		{50EF8297-E406-4F92-A83B-AFB78D32ACB9}.Debug|Any CPU.ActiveCfg = Debug|x86
		{50EF8297-E406-4F92-A83B-AFB78D32ACB9}.Debug|ARM.ActiveCfg = Debug|ARM
		{50EF8297-E406-4F92-A83B-AFB78D32ACB9}.Debug|ARM.Build.0 = Debug|ARM
		{50EF8297-E406-4F92-A83B-AFB78D32ACB9}.Debug|ARM.Deploy.0 = Debug|ARM
		{50EF8297-E406-4F92-A83B-AFB78D32ACB9}.Debug|ARM64.ActiveCfg = Debug|ARM64
		{50EF8297-E406-4F92-A83B-AFB78D32ACB9}.Debug|ARM64.Build.0 = Debug|ARM64
		{50EF8297-E406-4F92-A83B-AFB78D32ACB9}.Debug|ARM64.Deploy.0 = Debug|ARM64
		{50EF8297-E406-4F92-A83B-AFB78D32ACB9}.Debug|x64.ActiveCfg = Debug|x64
		{50EF8297-E406-4F92-A83B-AFB78D32ACB9}.Debug|x64.Build.0 = Debug|x64
		{50EF8297-E406-4F92-A83B-AFB78D32ACB9}.Debug|x64.Deploy.0 = Debug|x64
		{50EF8297-E406-4F92-A83B-AFB78D32ACB9}.Debug|x86.ActiveCfg = Debug|x86
		{50EF8297-E406-4F92-A83B-AFB78D32ACB9}.Debug|x86.Build.0 = Debug|x86
		{50EF8297-E406-4F92-A83B-AFB78D32ACB9}.Debug|x86.Deploy.0 = Debug|x86
		{50EF8297-E406-4F92-A83B-AFB78D32ACB9}.Release|Any CPU.ActiveCfg = Release|x86
		{50EF8297-E406-4F92-A83B-AFB78D32ACB9}.Release|ARM.ActiveCfg = Release|ARM
		{50EF8297-E406-4F92-A83B-AFB78D32ACB9}.Release|ARM.Build.0 = Release|ARM
		{50EF8297-E406-4F92-A83B-AFB78D32ACB9}.Release|ARM.Deploy.0 = Release|ARM
		{50EF8297-E406-4F92-A83B-AFB78D32ACB9}.Release|ARM64.ActiveCfg = Release|ARM64
		{50EF8297-E406-4F92-A83B-AFB78D32ACB9}.Release|ARM64.Build.0 = Release|ARM64
		{50EF8297-E406-4F92-A83B-AFB78D32ACB9}.Release|ARM64.Deploy.0 = Release|ARM64
		{50EF8297-E406-4F92-A83B-AFB78D32ACB9}.Release|x64.ActiveCfg = Release|x64
		{50EF8297-E406-4F92-A83B-AFB78D32ACB9}.Release|x64.Build.0 = Release|x64
		{50EF8297-E406-4F92-A83B-AFB78D32ACB9}.Release|x64.Deploy.0 = Release|x64
		{50EF8297-E406-4F92-A83B-AFB78D32ACB9}.Release|x86.ActiveCfg = Release|x86
		{50EF8297-E406-4F92-A83B-AFB78D32ACB9}.Release|x86.Build.0 = Release|x86
		{50EF8297-E406-4F92-A83B-AFB78D32ACB9}.Release|x86.Deploy.0 = Release|x86
		{4766DA38-7D9A-4875-9C73-B3283D6E6C5A}.Debug|Any CPU.ActiveCfg = Debug|x86
		{4766DA38-7D9A-4875-9C73-B3283D6E6C5A}.Debug|ARM.ActiveCfg = Debug|ARM
		{4766DA38-7D9A-4875-9C73-B3283D6E6C5A}.Debug|ARM.Build.0 = Debug|ARM
		{4766DA38-7D9A-4875-9C73-B3283D6E6C5A}.Debug|ARM.Deploy.0 = Debug|ARM
		{4766DA38-7D9A-4875-9C73-B3283D6E6C5A}.Debug|ARM64.ActiveCfg = Debug|ARM64
		{4766DA38-7D9A-4875-9C73-B3283D6E6C5A}.Debug|ARM64.Build.0 = Debug|ARM64
		{4766DA38-7D9A-4875-9C73-B3283D6E6C5A}.Debug|ARM64.Deploy.0 = Debug|ARM64
		{4766DA38-7D9A-4875-9C73-B3283D6E6C5A}.Debug|x64.ActiveCfg = Debug|x64
		{4766DA38-7D9A-4875-9C73-B3283D6E6C5A}.Debug|x64.Build.0 = Debug|x64
		{4766DA38-7D9A-4875-9C73-B3283D6E6C5A}.Debug|x64.Deploy.0 = Debug|x64
		{4766DA38-7D9A-4875-9C73-B3283D6E6C5A}.Debug|x86.ActiveCfg = Debug|x86
		{4766DA38-7D9A-4875-9C73-B3283D6E6C5A}.Debug|x86.Build.0 = Debug|x86
		{4766DA38-7D9A-4875-9C73-B3283D6E6C5A}.Debug|x86.Deploy.0 = Debug|x86
		{4766DA38-7D9A-4875-9C73-B3283D6E6C5A}.Release|Any CPU.ActiveCfg = Release|x86
		{4766DA38-7D9A-4875-9C73-B3283D6E6C5A}.Release|ARM.ActiveCfg = Release|ARM
		{4766DA38-7D9A-4875-9C73-B3283D6E6C5A}.Release|ARM.Build.0 = Release|ARM
		{4766DA38-7D9A-4875-9C73-B3283D6E6C5A}.Release|ARM.Deploy.0 = Release|ARM
		{4766DA38-7D9A-4875-9C73-B3283D6E6C5A}.Release|ARM64.ActiveCfg = Release|ARM64
		{4766DA38-7D9A-4875-9C73-B3283D6E6C5A}.Release|ARM64.Build.0 = Release|ARM64
		{4766DA38-7D9A-4875-9C73-B3283D6E6C5A}.Release|ARM64.Deploy.0 = Release|ARM64
		{4766DA38-7D9A-4875-9C73-B3283D6E6C5A}.Release|x64.ActiveCfg = Release|x64
		{4766DA38-7D9A-4875-9C73-B3283D6E6C5A}.Release|x64.Build.0 = Release|x64
		{4766DA38-7D9A-4875-9C73-B3283D6E6C5A}.Release|x64.Deploy.0 = Release|x64
		{4766DA38-7D9A-4875-9C73-B3283D6E6C5A}.Release|x86.ActiveCfg = Release|x86
		{4766DA38-7D9A-4875-9C73-B3283D6E6C5A}.Release|x86.Build.0 = Release|x86
		{4766DA38-7D9A-4875-9C73-B3283D6E6C5A}.Release|x86.Deploy.0 = Release|x86
		{1799C4AE-EF2D-4D9C-BC43-1C27FF1E1D39}.Debug|Any CPU.ActiveCfg = Debug|x86
		{1799C4AE-EF2D-4D9C-BC43-1C27FF1E1D39}.Debug|ARM.ActiveCfg = Debug|ARM
		{1799C4AE-EF2D-4D9C-BC43-1C27FF1E1D39}.Debug|ARM.Build.0 = Debug|ARM
		{1799C4AE-EF2D-4D9C-BC43-1C27FF1E1D39}.Debug|ARM.Deploy.0 = Debug|ARM
		{1799C4AE-EF2D-4D9C-BC43-1C27FF1E1D39}.Debug|ARM64.ActiveCfg = Debug|ARM64
		{1799C4AE-EF2D-4D9C-BC43-1C27FF1E1D39}.Debug|ARM64.Build.0 = Debug|ARM64
		{1799C4AE-EF2D-4D9C-BC43-1C27FF1E1D39}.Debug|ARM64.Deploy.0 = Debug|ARM64
		{1799C4AE-EF2D-4D9C-BC43-1C27FF1E1D39}.Debug|x64.ActiveCfg = Debug|x64
		{1799C4AE-EF2D-4D9C-BC43-1C27FF1E1D39}.Debug|x64.Build.0 = Debug|x64
		{1799C4AE-EF2D-4D9C-BC43-1C27FF1E1D39}.Debug|x64.Deploy.0 = Debug|x64
		{1799C4AE-EF2D-4D9C-BC43-1C27FF1E1D39}.Debug|x86.ActiveCfg = Debug|x86
		{1799C4AE-EF2D-4D9C-BC43-1C27FF1E1D39}.Debug|x86.Build.0 = Debug|x86
		{1799C4AE-EF2D-4D9C-BC43-1C27FF1E1D39}.Debug|x86.Deploy.0 = Debug|x86
		{1799C4AE-EF2D-4D9C-BC43-1C27FF1E1D39}.Release|Any CPU.ActiveCfg = Release|x86
		{1799C4AE-EF2D-4D9C-BC43-1C27FF1E1D39}.Release|ARM.ActiveCfg = Release|ARM
		{1799C4AE-EF2D-4D9C-BC43-1C27FF1E1D39}.Release|ARM.Build.0 = Release|ARM
		{1799C4AE-EF2D-4D9C-BC43-1C27FF1E1D39}.Release|ARM.Deploy.0 = Release|ARM
		{1799C4AE-EF2D-4D9C-BC43-1C27FF1E1D39}.Release|ARM64.ActiveCfg = Release|ARM64
		{1799C4AE-EF2D-4D9C-BC43-1C27FF1E1D39}.Release|ARM64.Build.0 = Release|ARM64
		{1799C4AE-EF2D-4D9C-BC43-1C27FF1E1D39}.Release|ARM64.Deploy.0 = Release|ARM64
		{1799C4AE-EF2D-4D9C-BC43-1C27FF1E1D39}.Release|x64.ActiveCfg = Release|x64
		{1799C4AE-EF2D-4D9C-BC43-1C27FF1E1D39}.Release|x64.Build.0 = Release|x64
		{1799C4AE-EF2D-4D9C-BC43-1C27FF1E1D39}.Release|x64.Deploy.0 = Release|x64
		{1799C4AE-EF2D-4D9C-BC43-1C27FF1E1D39}.Release|x86.ActiveCfg = Release|x86
		{1799C4AE-EF2D-4D9C-BC43-1C27FF1E1D39}.Release|x86.Build.0 = Release|x86
		{1799C4AE-EF2D-4D9C-BC43-1C27FF1E1D39}.Release|x86.Deploy.0 = Release|x86
		{AC0E9D06-9CEF-4700-83D0-3C60FC0214B4}.Debug|Any CPU.ActiveCfg = Debug|Any CPU
		{AC0E9D06-9CEF-4700-83D0-3C60FC0214B4}.Debug|Any CPU.Build.0 = Debug|Any CPU
		{AC0E9D06-9CEF-4700-83D0-3C60FC0214B4}.Debug|ARM.ActiveCfg = Debug|ARM
		{AC0E9D06-9CEF-4700-83D0-3C60FC0214B4}.Debug|ARM.Build.0 = Debug|ARM
		{AC0E9D06-9CEF-4700-83D0-3C60FC0214B4}.Debug|ARM64.ActiveCfg = Debug|ARM64
		{AC0E9D06-9CEF-4700-83D0-3C60FC0214B4}.Debug|ARM64.Build.0 = Debug|ARM64
		{AC0E9D06-9CEF-4700-83D0-3C60FC0214B4}.Debug|x64.ActiveCfg = Debug|x64
		{AC0E9D06-9CEF-4700-83D0-3C60FC0214B4}.Debug|x64.Build.0 = Debug|x64
		{AC0E9D06-9CEF-4700-83D0-3C60FC0214B4}.Debug|x86.ActiveCfg = Debug|x86
		{AC0E9D06-9CEF-4700-83D0-3C60FC0214B4}.Debug|x86.Build.0 = Debug|x86
		{AC0E9D06-9CEF-4700-83D0-3C60FC0214B4}.Release|Any CPU.ActiveCfg = Release|Any CPU
		{AC0E9D06-9CEF-4700-83D0-3C60FC0214B4}.Release|Any CPU.Build.0 = Release|Any CPU
		{AC0E9D06-9CEF-4700-83D0-3C60FC0214B4}.Release|ARM.ActiveCfg = Release|ARM
		{AC0E9D06-9CEF-4700-83D0-3C60FC0214B4}.Release|ARM.Build.0 = Release|ARM
		{AC0E9D06-9CEF-4700-83D0-3C60FC0214B4}.Release|ARM64.ActiveCfg = Release|ARM64
		{AC0E9D06-9CEF-4700-83D0-3C60FC0214B4}.Release|ARM64.Build.0 = Release|ARM64
		{AC0E9D06-9CEF-4700-83D0-3C60FC0214B4}.Release|x64.ActiveCfg = Release|x64
		{AC0E9D06-9CEF-4700-83D0-3C60FC0214B4}.Release|x64.Build.0 = Release|x64
		{AC0E9D06-9CEF-4700-83D0-3C60FC0214B4}.Release|x86.ActiveCfg = Release|x86
		{AC0E9D06-9CEF-4700-83D0-3C60FC0214B4}.Release|x86.Build.0 = Release|x86
	EndGlobalSection
	GlobalSection(SolutionProperties) = preSolution
		HideSolutionNode = FALSE
	EndGlobalSection
	GlobalSection(ExtensibilityGlobals) = postSolution
		SolutionGuid = {0120E4D8-9A28-4636-A61B-59BB7A6D4EBD}
	EndGlobalSection
EndGlobal
